// !$*UTF8*$!
{
	archiveVersion = 1;
	classes = {
	};
	objectVersion = 50;
	objects = {

/* Begin PBXBuildFile section */
		168F62D555FA8B541D946CB0 /* Pods_StylingDemo.framework in Frameworks */ = {isa = PBXBuildFile; fileRef = 2C3277B506FD590B1057E2B2 /* Pods_StylingDemo.framework */; };
		BFA08D8B229E6F7D007C3FF3 /* AppDelegate.swift in Sources */ = {isa = PBXBuildFile; fileRef = BFA08D8A229E6F7D007C3FF3 /* AppDelegate.swift */; };
		BFA08D8D229E6F7D007C3FF3 /* StylesViewController.swift in Sources */ = {isa = PBXBuildFile; fileRef = BFA08D8C229E6F7D007C3FF3 /* StylesViewController.swift */; };
		BFA08D90229E6F7D007C3FF3 /* Main.storyboard in Resources */ = {isa = PBXBuildFile; fileRef = BFA08D8E229E6F7D007C3FF3 /* Main.storyboard */; };
		BFA08D92229E6F7E007C3FF3 /* Assets.xcassets in Resources */ = {isa = PBXBuildFile; fileRef = BFA08D91229E6F7E007C3FF3 /* Assets.xcassets */; };
		BFA08D95229E6F7E007C3FF3 /* LaunchScreen.storyboard in Resources */ = {isa = PBXBuildFile; fileRef = BFA08D93229E6F7E007C3FF3 /* LaunchScreen.storyboard */; };
		BFA08D9D229EACE8007C3FF3 /* Styles.swift in Sources */ = {isa = PBXBuildFile; fileRef = BFA08D9C229EACE8007C3FF3 /* Styles.swift */; };
		BFA08DAA229EB1EA007C3FF3 /* ZillaSlab-Medium.ttf in Resources */ = {isa = PBXBuildFile; fileRef = BFA08DA2229EAF54007C3FF3 /* ZillaSlab-Medium.ttf */; };
		BFA08DAB229ECE42007C3FF3 /* ZillaSlab-Light.ttf in Resources */ = {isa = PBXBuildFile; fileRef = BFA08DA0229EAF54007C3FF3 /* ZillaSlab-Light.ttf */; };
		BFA08DAC229ECE50007C3FF3 /* ZillaSlab-Bold.ttf in Resources */ = {isa = PBXBuildFile; fileRef = BFA08DA6229EAF55007C3FF3 /* ZillaSlab-Bold.ttf */; };
/* End PBXBuildFile section */

/* Begin PBXFileReference section */
		2C3277B506FD590B1057E2B2 /* Pods_StylingDemo.framework */ = {isa = PBXFileReference; explicitFileType = wrapper.framework; includeInIndex = 0; path = Pods_StylingDemo.framework; sourceTree = BUILT_PRODUCTS_DIR; };
		5295B64416F465001BDE7CAF /* Pods-StylingDemo.release.xcconfig */ = {isa = PBXFileReference; includeInIndex = 1; lastKnownFileType = text.xcconfig; name = "Pods-StylingDemo.release.xcconfig"; path = "Pods/Target Support Files/Pods-StylingDemo/Pods-StylingDemo.release.xcconfig"; sourceTree = "<group>"; };
		90AEA2047FB6467414C4DE7F /* Pods-StylingDemo.debug.xcconfig */ = {isa = PBXFileReference; includeInIndex = 1; lastKnownFileType = text.xcconfig; name = "Pods-StylingDemo.debug.xcconfig"; path = "Pods/Target Support Files/Pods-StylingDemo/Pods-StylingDemo.debug.xcconfig"; sourceTree = "<group>"; };
		BFA08D87229E6F7D007C3FF3 /* StylingDemo.app */ = {isa = PBXFileReference; explicitFileType = wrapper.application; includeInIndex = 0; path = StylingDemo.app; sourceTree = BUILT_PRODUCTS_DIR; };
		BFA08D8A229E6F7D007C3FF3 /* AppDelegate.swift */ = {isa = PBXFileReference; lastKnownFileType = sourcecode.swift; path = AppDelegate.swift; sourceTree = "<group>"; };
		BFA08D8C229E6F7D007C3FF3 /* StylesViewController.swift */ = {isa = PBXFileReference; lastKnownFileType = sourcecode.swift; path = StylesViewController.swift; sourceTree = "<group>"; };
		BFA08D8F229E6F7D007C3FF3 /* Base */ = {isa = PBXFileReference; lastKnownFileType = file.storyboard; name = Base; path = Base.lproj/Main.storyboard; sourceTree = "<group>"; };
		BFA08D91229E6F7E007C3FF3 /* Assets.xcassets */ = {isa = PBXFileReference; lastKnownFileType = folder.assetcatalog; path = Assets.xcassets; sourceTree = "<group>"; };
		BFA08D94229E6F7E007C3FF3 /* Base */ = {isa = PBXFileReference; lastKnownFileType = file.storyboard; name = Base; path = Base.lproj/LaunchScreen.storyboard; sourceTree = "<group>"; };
		BFA08D96229E6F7E007C3FF3 /* Info.plist */ = {isa = PBXFileReference; lastKnownFileType = text.plist.xml; path = Info.plist; sourceTree = "<group>"; };
		BFA08D9C229EACE8007C3FF3 /* Styles.swift */ = {isa = PBXFileReference; lastKnownFileType = sourcecode.swift; path = Styles.swift; sourceTree = "<group>"; };
		BFA08DA0229EAF54007C3FF3 /* ZillaSlab-Light.ttf */ = {isa = PBXFileReference; lastKnownFileType = file; path = "ZillaSlab-Light.ttf"; sourceTree = "<group>"; };
		BFA08DA1229EAF54007C3FF3 /* ZillaSlab-SemiBold.ttf */ = {isa = PBXFileReference; lastKnownFileType = file; path = "ZillaSlab-SemiBold.ttf"; sourceTree = "<group>"; };
		BFA08DA2229EAF54007C3FF3 /* ZillaSlab-Medium.ttf */ = {isa = PBXFileReference; lastKnownFileType = file; path = "ZillaSlab-Medium.ttf"; sourceTree = "<group>"; };
		BFA08DA3229EAF55007C3FF3 /* ZillaSlab-BoldItalic.ttf */ = {isa = PBXFileReference; lastKnownFileType = file; path = "ZillaSlab-BoldItalic.ttf"; sourceTree = "<group>"; };
		BFA08DA4229EAF55007C3FF3 /* ZillaSlab-Italic.ttf */ = {isa = PBXFileReference; lastKnownFileType = file; path = "ZillaSlab-Italic.ttf"; sourceTree = "<group>"; };
		BFA08DA5229EAF55007C3FF3 /* ZillaSlab-MediumItalic.ttf */ = {isa = PBXFileReference; lastKnownFileType = file; path = "ZillaSlab-MediumItalic.ttf"; sourceTree = "<group>"; };
		BFA08DA6229EAF55007C3FF3 /* ZillaSlab-Bold.ttf */ = {isa = PBXFileReference; lastKnownFileType = file; path = "ZillaSlab-Bold.ttf"; sourceTree = "<group>"; };
		BFA08DA7229EAF55007C3FF3 /* ZillaSlab-LightItalic.ttf */ = {isa = PBXFileReference; lastKnownFileType = file; path = "ZillaSlab-LightItalic.ttf"; sourceTree = "<group>"; };
		BFA08DA8229EAF55007C3FF3 /* ZillaSlab-Regular.ttf */ = {isa = PBXFileReference; lastKnownFileType = file; path = "ZillaSlab-Regular.ttf"; sourceTree = "<group>"; };
		BFA08DA9229EAF55007C3FF3 /* ZillaSlab-SemiBoldItalic.ttf */ = {isa = PBXFileReference; lastKnownFileType = file; path = "ZillaSlab-SemiBoldItalic.ttf"; sourceTree = "<group>"; };
/* End PBXFileReference section */

/* Begin PBXFrameworksBuildPhase section */
		BFA08D84229E6F7D007C3FF3 /* Frameworks */ = {
			isa = PBXFrameworksBuildPhase;
			buildActionMask = 2147483647;
			files = (
				168F62D555FA8B541D946CB0 /* Pods_StylingDemo.framework in Frameworks */,
			);
			runOnlyForDeploymentPostprocessing = 0;
		};
/* End PBXFrameworksBuildPhase section */

/* Begin PBXGroup section */
		1A7ABEDB50C13C5B5848478C /* Frameworks */ = {
			isa = PBXGroup;
			children = (
				2C3277B506FD590B1057E2B2 /* Pods_StylingDemo.framework */,
			);
			name = Frameworks;
			sourceTree = "<group>";
		};
		BFA08D7E229E6F7D007C3FF3 = {
			isa = PBXGroup;
			children = (
				BFA08D89229E6F7D007C3FF3 /* StylingDemo */,
				BFA08D88229E6F7D007C3FF3 /* Products */,
				E647671B93C8CA60BD44E4AF /* Pods */,
				1A7ABEDB50C13C5B5848478C /* Frameworks */,
			);
			sourceTree = "<group>";
		};
		BFA08D88229E6F7D007C3FF3 /* Products */ = {
			isa = PBXGroup;
			children = (
				BFA08D87229E6F7D007C3FF3 /* StylingDemo.app */,
			);
			name = Products;
			sourceTree = "<group>";
		};
		BFA08D89229E6F7D007C3FF3 /* StylingDemo */ = {
			isa = PBXGroup;
			children = (
				BFA08D9F229EAF34007C3FF3 /* Font */,
				BFA08D8A229E6F7D007C3FF3 /* AppDelegate.swift */,
				BFA08D8C229E6F7D007C3FF3 /* StylesViewController.swift */,
				BFA08D8E229E6F7D007C3FF3 /* Main.storyboard */,
				BFA08D91229E6F7E007C3FF3 /* Assets.xcassets */,
				BFA08D93229E6F7E007C3FF3 /* LaunchScreen.storyboard */,
				BFA08D96229E6F7E007C3FF3 /* Info.plist */,
				BFA08D9C229EACE8007C3FF3 /* Styles.swift */,
			);
			path = StylingDemo;
			sourceTree = "<group>";
		};
		BFA08D9F229EAF34007C3FF3 /* Font */ = {
			isa = PBXGroup;
			children = (
				BFA08DA6229EAF55007C3FF3 /* ZillaSlab-Bold.ttf */,
				BFA08DA3229EAF55007C3FF3 /* ZillaSlab-BoldItalic.ttf */,
				BFA08DA4229EAF55007C3FF3 /* ZillaSlab-Italic.ttf */,
				BFA08DA0229EAF54007C3FF3 /* ZillaSlab-Light.ttf */,
				BFA08DA7229EAF55007C3FF3 /* ZillaSlab-LightItalic.ttf */,
				BFA08DA2229EAF54007C3FF3 /* ZillaSlab-Medium.ttf */,
				BFA08DA5229EAF55007C3FF3 /* ZillaSlab-MediumItalic.ttf */,
				BFA08DA8229EAF55007C3FF3 /* ZillaSlab-Regular.ttf */,
				BFA08DA1229EAF54007C3FF3 /* ZillaSlab-SemiBold.ttf */,
				BFA08DA9229EAF55007C3FF3 /* ZillaSlab-SemiBoldItalic.ttf */,
			);
			path = Font;
			sourceTree = "<group>";
		};
		E647671B93C8CA60BD44E4AF /* Pods */ = {
			isa = PBXGroup;
			children = (
				90AEA2047FB6467414C4DE7F /* Pods-StylingDemo.debug.xcconfig */,
				5295B64416F465001BDE7CAF /* Pods-StylingDemo.release.xcconfig */,
			);
			name = Pods;
			sourceTree = "<group>";
		};
/* End PBXGroup section */

/* Begin PBXNativeTarget section */
		BFA08D86229E6F7D007C3FF3 /* StylingDemo */ = {
			isa = PBXNativeTarget;
			buildConfigurationList = BFA08D99229E6F7E007C3FF3 /* Build configuration list for PBXNativeTarget "StylingDemo" */;
			buildPhases = (
				65EFC625DCB679E11E684A90 /* [CP] Check Pods Manifest.lock */,
				BFA08D83229E6F7D007C3FF3 /* Sources */,
				BFA08D84229E6F7D007C3FF3 /* Frameworks */,
				BFA08D85229E6F7D007C3FF3 /* Resources */,
				7940D05B5DD27586FDF23652 /* [CP] Embed Pods Frameworks */,
			);
			buildRules = (
			);
			dependencies = (
			);
			name = StylingDemo;
			productName = StylingDemo;
			productReference = BFA08D87229E6F7D007C3FF3 /* StylingDemo.app */;
			productType = "com.apple.product-type.application";
		};
/* End PBXNativeTarget section */

/* Begin PBXProject section */
		BFA08D7F229E6F7D007C3FF3 /* Project object */ = {
			isa = PBXProject;
			attributes = {
				LastSwiftUpdateCheck = 1020;
				LastUpgradeCheck = 1020;
				ORGANIZATIONNAME = "Binghui Liu";
				TargetAttributes = {
					BFA08D86229E6F7D007C3FF3 = {
						CreatedOnToolsVersion = 10.2.1;
					};
				};
			};
			buildConfigurationList = BFA08D82229E6F7D007C3FF3 /* Build configuration list for PBXProject "StylingDemo" */;
			compatibilityVersion = "Xcode 9.3";
			developmentRegion = en;
			hasScannedForEncodings = 0;
			knownRegions = (
				en,
				Base,
			);
			mainGroup = BFA08D7E229E6F7D007C3FF3;
			productRefGroup = BFA08D88229E6F7D007C3FF3 /* Products */;
			projectDirPath = "";
			projectRoot = "";
			targets = (
				BFA08D86229E6F7D007C3FF3 /* StylingDemo */,
			);
		};
/* End PBXProject section */

/* Begin PBXResourcesBuildPhase section */
		BFA08D85229E6F7D007C3FF3 /* Resources */ = {
			isa = PBXResourcesBuildPhase;
			buildActionMask = 2147483647;
			files = (
				BFA08DAA229EB1EA007C3FF3 /* ZillaSlab-Medium.ttf in Resources */,
				BFA08DAB229ECE42007C3FF3 /* ZillaSlab-Light.ttf in Resources */,
				BFA08DAC229ECE50007C3FF3 /* ZillaSlab-Bold.ttf in Resources */,
				BFA08D95229E6F7E007C3FF3 /* LaunchScreen.storyboard in Resources */,
				BFA08D92229E6F7E007C3FF3 /* Assets.xcassets in Resources */,
				BFA08D90229E6F7D007C3FF3 /* Main.storyboard in Resources */,
			);
			runOnlyForDeploymentPostprocessing = 0;
		};
/* End PBXResourcesBuildPhase section */

/* Begin PBXShellScriptBuildPhase section */
		65EFC625DCB679E11E684A90 /* [CP] Check Pods Manifest.lock */ = {
			isa = PBXShellScriptBuildPhase;
			buildActionMask = 2147483647;
			files = (
			);
			inputFileListPaths = (
			);
			inputPaths = (
				"${PODS_PODFILE_DIR_PATH}/Podfile.lock",
				"${PODS_ROOT}/Manifest.lock",
			);
			name = "[CP] Check Pods Manifest.lock";
			outputFileListPaths = (
			);
			outputPaths = (
				"$(DERIVED_FILE_DIR)/Pods-StylingDemo-checkManifestLockResult.txt",
			);
			runOnlyForDeploymentPostprocessing = 0;
			shellPath = /bin/sh;
			shellScript = "diff \"${PODS_PODFILE_DIR_PATH}/Podfile.lock\" \"${PODS_ROOT}/Manifest.lock\" > /dev/null\nif [ $? != 0 ] ; then\n    # print error to STDERR\n    echo \"error: The sandbox is not in sync with the Podfile.lock. Run 'pod install' or update your CocoaPods installation.\" >&2\n    exit 1\nfi\n# This output is used by Xcode 'outputs' to avoid re-running this script phase.\necho \"SUCCESS\" > \"${SCRIPT_OUTPUT_FILE_0}\"\n";
			showEnvVarsInLog = 0;
		};
		7940D05B5DD27586FDF23652 /* [CP] Embed Pods Frameworks */ = {
			isa = PBXShellScriptBuildPhase;
			buildActionMask = 2147483647;
			files = (
			);
			inputFileListPaths = (
			);
			inputPaths = (
				"${SRCROOT}/Pods/Target Support Files/Pods-StylingDemo/Pods-StylingDemo-frameworks.sh",
				"${BUILT_PRODUCTS_DIR}/BonMot/BonMot.framework",
			);
			name = "[CP] Embed Pods Frameworks";
			outputFileListPaths = (
			);
			outputPaths = (
				"${TARGET_BUILD_DIR}/${FRAMEWORKS_FOLDER_PATH}/BonMot.framework",
			);
			runOnlyForDeploymentPostprocessing = 0;
			shellPath = /bin/sh;
			shellScript = "\"${SRCROOT}/Pods/Target Support Files/Pods-StylingDemo/Pods-StylingDemo-frameworks.sh\"\n";
			showEnvVarsInLog = 0;
		};
/* End PBXShellScriptBuildPhase section */

/* Begin PBXSourcesBuildPhase section */
		BFA08D83229E6F7D007C3FF3 /* Sources */ = {
			isa = PBXSourcesBuildPhase;
			buildActionMask = 2147483647;
			files = (
				BFA08D8D229E6F7D007C3FF3 /* StylesViewController.swift in Sources */,
				BFA08D9D229EACE8007C3FF3 /* Styles.swift in Sources */,
				BFA08D8B229E6F7D007C3FF3 /* AppDelegate.swift in Sources */,
			);
			runOnlyForDeploymentPostprocessing = 0;
		};
/* End PBXSourcesBuildPhase section */

/* Begin PBXVariantGroup section */
		BFA08D8E229E6F7D007C3FF3 /* Main.storyboard */ = {
			isa = PBXVariantGroup;
			children = (
				BFA08D8F229E6F7D007C3FF3 /* Base */,
			);
			name = Main.storyboard;
			sourceTree = "<group>";
		};
		BFA08D93229E6F7E007C3FF3 /* LaunchScreen.storyboard */ = {
			isa = PBXVariantGroup;
			children = (
				BFA08D94229E6F7E007C3FF3 /* Base */,
			);
			name = LaunchScreen.storyboard;
			sourceTree = "<group>";
		};
/* End PBXVariantGroup section */

/* Begin XCBuildConfiguration section */
		BFA08D97229E6F7E007C3FF3 /* Debug */ = {
			isa = XCBuildConfiguration;
			buildSettings = {
				ALWAYS_SEARCH_USER_PATHS = NO;
				CLANG_ANALYZER_NONNULL = YES;
				CLANG_ANALYZER_NUMBER_OBJECT_CONVERSION = YES_AGGRESSIVE;
				CLANG_CXX_LANGUAGE_STANDARD = "gnu++14";
				CLANG_CXX_LIBRARY = "libc++";
				CLANG_ENABLE_MODULES = YES;
				CLANG_ENABLE_OBJC_ARC = YES;
				CLANG_ENABLE_OBJC_WEAK = YES;
				CLANG_WARN_BLOCK_CAPTURE_AUTORELEASING = YES;
				CLANG_WARN_BOOL_CONVERSION = YES;
				CLANG_WARN_COMMA = YES;
				CLANG_WARN_CONSTANT_CONVERSION = YES;
				CLANG_WARN_DEPRECATED_OBJC_IMPLEMENTATIONS = YES;
				CLANG_WARN_DIRECT_OBJC_ISA_USAGE = YES_ERROR;
				CLANG_WARN_DOCUMENTATION_COMMENTS = YES;
				CLANG_WARN_EMPTY_BODY = YES;
				CLANG_WARN_ENUM_CONVERSION = YES;
				CLANG_WARN_INFINITE_RECURSION = YES;
				CLANG_WARN_INT_CONVERSION = YES;
				CLANG_WARN_NON_LITERAL_NULL_CONVERSION = YES;
				CLANG_WARN_OBJC_IMPLICIT_RETAIN_SELF = YES;
				CLANG_WARN_OBJC_LITERAL_CONVERSION = YES;
				CLANG_WARN_OBJC_ROOT_CLASS = YES_ERROR;
				CLANG_WARN_RANGE_LOOP_ANALYSIS = YES;
				CLANG_WARN_STRICT_PROTOTYPES = YES;
				CLANG_WARN_SUSPICIOUS_MOVE = YES;
				CLANG_WARN_UNGUARDED_AVAILABILITY = YES_AGGRESSIVE;
				CLANG_WARN_UNREACHABLE_CODE = YES;
				CLANG_WARN__DUPLICATE_METHOD_MATCH = YES;
				CODE_SIGN_IDENTITY = "iPhone Developer";
				COPY_PHASE_STRIP = NO;
				DEBUG_INFORMATION_FORMAT = dwarf;
				ENABLE_STRICT_OBJC_MSGSEND = YES;
				ENABLE_TESTABILITY = YES;
				GCC_C_LANGUAGE_STANDARD = gnu11;
				GCC_DYNAMIC_NO_PIC = NO;
				GCC_NO_COMMON_BLOCKS = YES;
				GCC_OPTIMIZATION_LEVEL = 0;
				GCC_PREPROCESSOR_DEFINITIONS = (
					"DEBUG=1",
					"$(inherited)",
				);
				GCC_WARN_64_TO_32_BIT_CONVERSION = YES;
				GCC_WARN_ABOUT_RETURN_TYPE = YES_ERROR;
				GCC_WARN_UNDECLARED_SELECTOR = YES;
				GCC_WARN_UNINITIALIZED_AUTOS = YES_AGGRESSIVE;
				GCC_WARN_UNUSED_FUNCTION = YES;
				GCC_WARN_UNUSED_VARIABLE = YES;
				IPHONEOS_DEPLOYMENT_TARGET = 12.2;
				MTL_ENABLE_DEBUG_INFO = INCLUDE_SOURCE;
				MTL_FAST_MATH = YES;
				ONLY_ACTIVE_ARCH = YES;
				SDKROOT = iphoneos;
				SWIFT_ACTIVE_COMPILATION_CONDITIONS = DEBUG;
				SWIFT_OPTIMIZATION_LEVEL = "-Onone";
			};
			name = Debug;
		};
		BFA08D98229E6F7E007C3FF3 /* Release */ = {
			isa = XCBuildConfiguration;
			buildSettings = {
				ALWAYS_SEARCH_USER_PATHS = NO;
				CLANG_ANALYZER_NONNULL = YES;
				CLANG_ANALYZER_NUMBER_OBJECT_CONVERSION = YES_AGGRESSIVE;
				CLANG_CXX_LANGUAGE_STANDARD = "gnu++14";
				CLANG_CXX_LIBRARY = "libc++";
				CLANG_ENABLE_MODULES = YES;
				CLANG_ENABLE_OBJC_ARC = YES;
				CLANG_ENABLE_OBJC_WEAK = YES;
				CLANG_WARN_BLOCK_CAPTURE_AUTORELEASING = YES;
				CLANG_WARN_BOOL_CONVERSION = YES;
				CLANG_WARN_COMMA = YES;
				CLANG_WARN_CONSTANT_CONVERSION = YES;
				CLANG_WARN_DEPRECATED_OBJC_IMPLEMENTATIONS = YES;
				CLANG_WARN_DIRECT_OBJC_ISA_USAGE = YES_ERROR;
				CLANG_WARN_DOCUMENTATION_COMMENTS = YES;
				CLANG_WARN_EMPTY_BODY = YES;
				CLANG_WARN_ENUM_CONVERSION = YES;
				CLANG_WARN_INFINITE_RECURSION = YES;
				CLANG_WARN_INT_CONVERSION = YES;
				CLANG_WARN_NON_LITERAL_NULL_CONVERSION = YES;
				CLANG_WARN_OBJC_IMPLICIT_RETAIN_SELF = YES;
				CLANG_WARN_OBJC_LITERAL_CONVERSION = YES;
				CLANG_WARN_OBJC_ROOT_CLASS = YES_ERROR;
				CLANG_WARN_RANGE_LOOP_ANALYSIS = YES;
				CLANG_WARN_STRICT_PROTOTYPES = YES;
				CLANG_WARN_SUSPICIOUS_MOVE = YES;
				CLANG_WARN_UNGUARDED_AVAILABILITY = YES_AGGRESSIVE;
				CLANG_WARN_UNREACHABLE_CODE = YES;
				CLANG_WARN__DUPLICATE_METHOD_MATCH = YES;
				CODE_SIGN_IDENTITY = "iPhone Developer";
				COPY_PHASE_STRIP = NO;
				DEBUG_INFORMATION_FORMAT = "dwarf-with-dsym";
				ENABLE_NS_ASSERTIONS = NO;
				ENABLE_STRICT_OBJC_MSGSEND = YES;
				GCC_C_LANGUAGE_STANDARD = gnu11;
				GCC_NO_COMMON_BLOCKS = YES;
				GCC_WARN_64_TO_32_BIT_CONVERSION = YES;
				GCC_WARN_ABOUT_RETURN_TYPE = YES_ERROR;
				GCC_WARN_UNDECLARED_SELECTOR = YES;
				GCC_WARN_UNINITIALIZED_AUTOS = YES_AGGRESSIVE;
				GCC_WARN_UNUSED_FUNCTION = YES;
				GCC_WARN_UNUSED_VARIABLE = YES;
				IPHONEOS_DEPLOYMENT_TARGET = 12.2;
				MTL_ENABLE_DEBUG_INFO = NO;
				MTL_FAST_MATH = YES;
				SDKROOT = iphoneos;
				SWIFT_COMPILATION_MODE = wholemodule;
				SWIFT_OPTIMIZATION_LEVEL = "-O";
				VALIDATE_PRODUCT = YES;
			};
			name = Release;
		};
		BFA08D9A229E6F7E007C3FF3 /* Debug */ = {
			isa = XCBuildConfiguration;
			baseConfigurationReference = 90AEA2047FB6467414C4DE7F /* Pods-StylingDemo.debug.xcconfig */;
			buildSettings = {
				ASSETCATALOG_COMPILER_APPICON_NAME = AppIcon;
				CODE_SIGN_STYLE = Automatic;
				DEVELOPMENT_TEAM = 2RLYKMD3U8;
				INFOPLIST_FILE = StylingDemo/Info.plist;
				LD_RUNPATH_SEARCH_PATHS = (
					"$(inherited)",
					"@executable_path/Frameworks",
				);
				PRODUCT_BUNDLE_IDENTIFIER = com.qvik.StylingDemo;
				PRODUCT_NAME = "$(TARGET_NAME)";
				SWIFT_VERSION = 5.0;
				TARGETED_DEVICE_FAMILY = "1,2";
			};
			name = Debug;
		};
		BFA08D9B229E6F7E007C3FF3 /* Release */ = {
			isa = XCBuildConfiguration;
			baseConfigurationReference = 5295B64416F465001BDE7CAF /* Pods-StylingDemo.release.xcconfig */;
			buildSettings = {
				ASSETCATALOG_COMPILER_APPICON_NAME = AppIcon;
				CODE_SIGN_STYLE = Automatic;
				DEVELOPMENT_TEAM = 2RLYKMD3U8;
				INFOPLIST_FILE = StylingDemo/Info.plist;
				LD_RUNPATH_SEARCH_PATHS = (
					"$(inherited)",
					"@executable_path/Frameworks",
				);
				PRODUCT_BUNDLE_IDENTIFIER = com.qvik.StylingDemo;
				PRODUCT_NAME = "$(TARGET_NAME)";
				SWIFT_VERSION = 5.0;
				TARGETED_DEVICE_FAMILY = "1,2";
			};
			name = Release;
		};
/* End XCBuildConfiguration section */

/* Begin XCConfigurationList section */
		BFA08D82229E6F7D007C3FF3 /* Build configuration list for PBXProject "StylingDemo" */ = {
			isa = XCConfigurationList;
			buildConfigurations = (
				BFA08D97229E6F7E007C3FF3 /* Debug */,
				BFA08D98229E6F7E007C3FF3 /* Release */,
			);
			defaultConfigurationIsVisible = 0;
			defaultConfigurationName = Release;
		};
		BFA08D99229E6F7E007C3FF3 /* Build configuration list for PBXNativeTarget "StylingDemo" */ = {
			isa = XCConfigurationList;
			buildConfigurations = (
				BFA08D9A229E6F7E007C3FF3 /* Debug */,
				BFA08D9B229E6F7E007C3FF3 /* Release */,
			);
			defaultConfigurationIsVisible = 0;
			defaultConfigurationName = Release;
		};
/* End XCConfigurationList section */
	};
	rootObject = BFA08D7F229E6F7D007C3FF3 /* Project object */;
}
